// !$*UTF8*$!
{
	archiveVersion = 1;
	classes = {
	};
	objectVersion = 55;
	objects = {

/* Begin PBXBuildFile section */
		A528F4D527798E3700034F36 /* RoundButton.swift in Sources */ = {isa = PBXBuildFile; fileRef = A528F4D427798E3700034F36 /* RoundButton.swift */; };
		A5649A50277440BD00A77CF2 /* TabBarController.swift in Sources */ = {isa = PBXBuildFile; fileRef = A5649A4F277440BD00A77CF2 /* TabBarController.swift */; };
		A569A9E9276710BF00435CF0 /* AppDelegate.swift in Sources */ = {isa = PBXBuildFile; fileRef = A569A9E8276710BF00435CF0 /* AppDelegate.swift */; };
		A569A9EB276710BF00435CF0 /* SceneDelegate.swift in Sources */ = {isa = PBXBuildFile; fileRef = A569A9EA276710BF00435CF0 /* SceneDelegate.swift */; };
		A569A9F0276710BF00435CF0 /* Main.storyboard in Resources */ = {isa = PBXBuildFile; fileRef = A569A9EE276710BF00435CF0 /* Main.storyboard */; };
		A569A9F2276710C000435CF0 /* Assets.xcassets in Resources */ = {isa = PBXBuildFile; fileRef = A569A9F1276710C000435CF0 /* Assets.xcassets */; };
		A569A9F5276710C000435CF0 /* LaunchScreen.storyboard in Resources */ = {isa = PBXBuildFile; fileRef = A569A9F3276710C000435CF0 /* LaunchScreen.storyboard */; };
		A569A9FD27671A8100435CF0 /* CalculatorViewController.swift in Sources */ = {isa = PBXBuildFile; fileRef = A569A9FC27671A8100435CF0 /* CalculatorViewController.swift */; };
		A56AF275276C67270043FD12 /* SettingViewController.swift in Sources */ = {isa = PBXBuildFile; fileRef = A56AF274276C67270043FD12 /* SettingViewController.swift */; };
		A56AF278276C82180043FD12 /* UIConfigure.swift in Sources */ = {isa = PBXBuildFile; fileRef = A56AF277276C82180043FD12 /* UIConfigure.swift */; };
		A56AF282276C89240043FD12 /* click.wav in Resources */ = {isa = PBXBuildFile; fileRef = A56AF27D276C89240043FD12 /* click.wav */; };
		A5CBF44B276B48FA002C3A87 /* DdayViewController.swift in Sources */ = {isa = PBXBuildFile; fileRef = A5CBF44A276B48FA002C3A87 /* DdayViewController.swift */; };
/* End PBXBuildFile section */

/* Begin PBXFileReference section */
		A528F4D427798E3700034F36 /* RoundButton.swift */ = {isa = PBXFileReference; lastKnownFileType = sourcecode.swift; path = RoundButton.swift; sourceTree = "<group>"; };
		A5649A4F277440BD00A77CF2 /* TabBarController.swift */ = {isa = PBXFileReference; lastKnownFileType = sourcecode.swift; path = TabBarController.swift; sourceTree = "<group>"; };
		A569A9E5276710BF00435CF0 /* TimeCalculator.app */ = {isa = PBXFileReference; explicitFileType = wrapper.application; includeInIndex = 0; path = TimeCalculator.app; sourceTree = BUILT_PRODUCTS_DIR; };
		A569A9E8276710BF00435CF0 /* AppDelegate.swift */ = {isa = PBXFileReference; lastKnownFileType = sourcecode.swift; path = AppDelegate.swift; sourceTree = "<group>"; };
		A569A9EA276710BF00435CF0 /* SceneDelegate.swift */ = {isa = PBXFileReference; lastKnownFileType = sourcecode.swift; path = SceneDelegate.swift; sourceTree = "<group>"; };
		A569A9EF276710BF00435CF0 /* Base */ = {isa = PBXFileReference; lastKnownFileType = file.storyboard; name = Base; path = Base.lproj/Main.storyboard; sourceTree = "<group>"; };
		A569A9F1276710C000435CF0 /* Assets.xcassets */ = {isa = PBXFileReference; lastKnownFileType = folder.assetcatalog; path = Assets.xcassets; sourceTree = "<group>"; };
		A569A9F4276710C000435CF0 /* Base */ = {isa = PBXFileReference; lastKnownFileType = file.storyboard; name = Base; path = Base.lproj/LaunchScreen.storyboard; sourceTree = "<group>"; };
		A569A9F6276710C000435CF0 /* Info.plist */ = {isa = PBXFileReference; lastKnownFileType = text.plist.xml; path = Info.plist; sourceTree = "<group>"; };
		A569A9FC27671A8100435CF0 /* CalculatorViewController.swift */ = {isa = PBXFileReference; lastKnownFileType = sourcecode.swift; path = CalculatorViewController.swift; sourceTree = "<group>"; };
		A56AF274276C67270043FD12 /* SettingViewController.swift */ = {isa = PBXFileReference; lastKnownFileType = sourcecode.swift; path = SettingViewController.swift; sourceTree = "<group>"; };
		A56AF277276C82180043FD12 /* UIConfigure.swift */ = {isa = PBXFileReference; lastKnownFileType = sourcecode.swift; path = UIConfigure.swift; sourceTree = "<group>"; };
		A56AF27D276C89240043FD12 /* click.wav */ = {isa = PBXFileReference; lastKnownFileType = audio.wav; path = click.wav; sourceTree = "<group>"; };
		A5CBF44A276B48FA002C3A87 /* DdayViewController.swift */ = {isa = PBXFileReference; lastKnownFileType = sourcecode.swift; path = DdayViewController.swift; sourceTree = "<group>"; };
/* End PBXFileReference section */

/* Begin PBXFrameworksBuildPhase section */
		A569A9E2276710BF00435CF0 /* Frameworks */ = {
			isa = PBXFrameworksBuildPhase;
			buildActionMask = 2147483647;
			files = (
			);
			runOnlyForDeploymentPostprocessing = 0;
		};
/* End PBXFrameworksBuildPhase section */

/* Begin PBXGroup section */
		A569A9DC276710BF00435CF0 = {
			isa = PBXGroup;
			children = (
				A569A9E7276710BF00435CF0 /* TimeCalculator */,
				A569A9E6276710BF00435CF0 /* Products */,
			);
			sourceTree = "<group>";
		};
		A569A9E6276710BF00435CF0 /* Products */ = {
			isa = PBXGroup;
			children = (
				A569A9E5276710BF00435CF0 /* TimeCalculator.app */,
			);
			name = Products;
			sourceTree = "<group>";
		};
		A569A9E7276710BF00435CF0 /* TimeCalculator */ = {
			isa = PBXGroup;
			children = (
				A569A9E8276710BF00435CF0 /* AppDelegate.swift */,
				A569A9EA276710BF00435CF0 /* SceneDelegate.swift */,
				A5649A4F277440BD00A77CF2 /* TabBarController.swift */,
				A569A9FC27671A8100435CF0 /* CalculatorViewController.swift */,
				A5CBF44A276B48FA002C3A87 /* DdayViewController.swift */,
				A56AF274276C67270043FD12 /* SettingViewController.swift */,
				A56AF276276C81FF0043FD12 /* Method */,
				A56AF279276C890F0043FD12 /* Sound */,
				A569A9EE276710BF00435CF0 /* Main.storyboard */,
				A569A9F1276710C000435CF0 /* Assets.xcassets */,
				A569A9F3276710C000435CF0 /* LaunchScreen.storyboard */,
				A569A9F6276710C000435CF0 /* Info.plist */,
				A528F4D427798E3700034F36 /* RoundButton.swift */,
			);
			path = TimeCalculator;
			sourceTree = "<group>";
		};
		A56AF276276C81FF0043FD12 /* Method */ = {
			isa = PBXGroup;
			children = (
				A56AF277276C82180043FD12 /* UIConfigure.swift */,
			);
			path = Method;
			sourceTree = "<group>";
		};
		A56AF279276C890F0043FD12 /* Sound */ = {
			isa = PBXGroup;
			children = (
				A56AF27D276C89240043FD12 /* click.wav */,
			);
			path = Sound;
			sourceTree = "<group>";
		};
/* End PBXGroup section */

/* Begin PBXNativeTarget section */
		A569A9E4276710BF00435CF0 /* TimeCalculator */ = {
			isa = PBXNativeTarget;
			buildConfigurationList = A569A9F9276710C000435CF0 /* Build configuration list for PBXNativeTarget "TimeCalculator" */;
			buildPhases = (
				A569A9E1276710BF00435CF0 /* Sources */,
				A569A9E2276710BF00435CF0 /* Frameworks */,
				A569A9E3276710BF00435CF0 /* Resources */,
			);
			buildRules = (
			);
			dependencies = (
			);
			name = TimeCalculator;
			productName = TimeCalculator;
			productReference = A569A9E5276710BF00435CF0 /* TimeCalculator.app */;
			productType = "com.apple.product-type.application";
		};
/* End PBXNativeTarget section */

/* Begin PBXProject section */
		A569A9DD276710BF00435CF0 /* Project object */ = {
			isa = PBXProject;
			attributes = {
				BuildIndependentTargetsInParallel = 1;
				LastSwiftUpdateCheck = 1310;
				LastUpgradeCheck = 1310;
				TargetAttributes = {
					A569A9E4276710BF00435CF0 = {
						CreatedOnToolsVersion = 13.1;
					};
				};
			};
			buildConfigurationList = A569A9E0276710BF00435CF0 /* Build configuration list for PBXProject "TimeCalculator" */;
			compatibilityVersion = "Xcode 13.0";
			developmentRegion = en;
			hasScannedForEncodings = 0;
			knownRegions = (
				en,
				Base,
			);
			mainGroup = A569A9DC276710BF00435CF0;
			productRefGroup = A569A9E6276710BF00435CF0 /* Products */;
			projectDirPath = "";
			projectRoot = "";
			targets = (
				A569A9E4276710BF00435CF0 /* TimeCalculator */,
			);
		};
/* End PBXProject section */

/* Begin PBXResourcesBuildPhase section */
		A569A9E3276710BF00435CF0 /* Resources */ = {
			isa = PBXResourcesBuildPhase;
			buildActionMask = 2147483647;
			files = (
				A569A9F5276710C000435CF0 /* LaunchScreen.storyboard in Resources */,
				A56AF282276C89240043FD12 /* click.wav in Resources */,
				A569A9F2276710C000435CF0 /* Assets.xcassets in Resources */,
				A569A9F0276710BF00435CF0 /* Main.storyboard in Resources */,
			);
			runOnlyForDeploymentPostprocessing = 0;
		};
/* End PBXResourcesBuildPhase section */

/* Begin PBXSourcesBuildPhase section */
		A569A9E1276710BF00435CF0 /* Sources */ = {
			isa = PBXSourcesBuildPhase;
			buildActionMask = 2147483647;
			files = (
				A528F4D527798E3700034F36 /* RoundButton.swift in Sources */,
				A569A9E9276710BF00435CF0 /* AppDelegate.swift in Sources */,
				A56AF278276C82180043FD12 /* UIConfigure.swift in Sources */,
				A5649A50277440BD00A77CF2 /* TabBarController.swift in Sources */,
				A569A9FD27671A8100435CF0 /* CalculatorViewController.swift in Sources */,
				A569A9EB276710BF00435CF0 /* SceneDelegate.swift in Sources */,
				A5CBF44B276B48FA002C3A87 /* DdayViewController.swift in Sources */,
				A56AF275276C67270043FD12 /* SettingViewController.swift in Sources */,
			);
			runOnlyForDeploymentPostprocessing = 0;
		};
/* End PBXSourcesBuildPhase section */

/* Begin PBXVariantGroup section */
		A569A9EE276710BF00435CF0 /* Main.storyboard */ = {
			isa = PBXVariantGroup;
			children = (
				A569A9EF276710BF00435CF0 /* Base */,
			);
			name = Main.storyboard;
			sourceTree = "<group>";
		};
		A569A9F3276710C000435CF0 /* LaunchScreen.storyboard */ = {
			isa = PBXVariantGroup;
			children = (
				A569A9F4276710C000435CF0 /* Base */,
			);
			name = LaunchScreen.storyboard;
			sourceTree = "<group>";
		};
/* End PBXVariantGroup section */

/* Begin XCBuildConfiguration section */
		A569A9F7276710C000435CF0 /* Debug */ = {
			isa = XCBuildConfiguration;
			buildSettings = {
				ALWAYS_SEARCH_USER_PATHS = NO;
				CLANG_ANALYZER_NONNULL = YES;
				CLANG_ANALYZER_NUMBER_OBJECT_CONVERSION = YES_AGGRESSIVE;
				CLANG_CXX_LANGUAGE_STANDARD = "gnu++17";
				CLANG_CXX_LIBRARY = "libc++";
				CLANG_ENABLE_MODULES = YES;
				CLANG_ENABLE_OBJC_ARC = YES;
				CLANG_ENABLE_OBJC_WEAK = YES;
				CLANG_WARN_BLOCK_CAPTURE_AUTORELEASING = YES;
				CLANG_WARN_BOOL_CONVERSION = YES;
				CLANG_WARN_COMMA = YES;
				CLANG_WARN_CONSTANT_CONVERSION = YES;
				CLANG_WARN_DEPRECATED_OBJC_IMPLEMENTATIONS = YES;
				CLANG_WARN_DIRECT_OBJC_ISA_USAGE = YES_ERROR;
				CLANG_WARN_DOCUMENTATION_COMMENTS = YES;
				CLANG_WARN_EMPTY_BODY = YES;
				CLANG_WARN_ENUM_CONVERSION = YES;
				CLANG_WARN_INFINITE_RECURSION = YES;
				CLANG_WARN_INT_CONVERSION = YES;
				CLANG_WARN_NON_LITERAL_NULL_CONVERSION = YES;
				CLANG_WARN_OBJC_IMPLICIT_RETAIN_SELF = YES;
				CLANG_WARN_OBJC_LITERAL_CONVERSION = YES;
				CLANG_WARN_OBJC_ROOT_CLASS = YES_ERROR;
				CLANG_WARN_QUOTED_INCLUDE_IN_FRAMEWORK_HEADER = YES;
				CLANG_WARN_RANGE_LOOP_ANALYSIS = YES;
				CLANG_WARN_STRICT_PROTOTYPES = YES;
				CLANG_WARN_SUSPICIOUS_MOVE = YES;
				CLANG_WARN_UNGUARDED_AVAILABILITY = YES_AGGRESSIVE;
				CLANG_WARN_UNREACHABLE_CODE = YES;
				CLANG_WARN__DUPLICATE_METHOD_MATCH = YES;
				COPY_PHASE_STRIP = NO;
				DEBUG_INFORMATION_FORMAT = dwarf;
				ENABLE_STRICT_OBJC_MSGSEND = YES;
				ENABLE_TESTABILITY = YES;
				GCC_C_LANGUAGE_STANDARD = gnu11;
				GCC_DYNAMIC_NO_PIC = NO;
				GCC_NO_COMMON_BLOCKS = YES;
				GCC_OPTIMIZATION_LEVEL = 0;
				GCC_PREPROCESSOR_DEFINITIONS = (
					"DEBUG=1",
					"$(inherited)",
				);
				GCC_WARN_64_TO_32_BIT_CONVERSION = YES;
				GCC_WARN_ABOUT_RETURN_TYPE = YES_ERROR;
				GCC_WARN_UNDECLARED_SELECTOR = YES;
				GCC_WARN_UNINITIALIZED_AUTOS = YES_AGGRESSIVE;
				GCC_WARN_UNUSED_FUNCTION = YES;
				GCC_WARN_UNUSED_VARIABLE = YES;
				IPHONEOS_DEPLOYMENT_TARGET = 15.0;
				MTL_ENABLE_DEBUG_INFO = INCLUDE_SOURCE;
				MTL_FAST_MATH = YES;
				ONLY_ACTIVE_ARCH = YES;
				SDKROOT = iphoneos;
				SWIFT_ACTIVE_COMPILATION_CONDITIONS = DEBUG;
				SWIFT_OPTIMIZATION_LEVEL = "-Onone";
			};
			name = Debug;
		};
		A569A9F8276710C000435CF0 /* Release */ = {
			isa = XCBuildConfiguration;
			buildSettings = {
				ALWAYS_SEARCH_USER_PATHS = NO;
				CLANG_ANALYZER_NONNULL = YES;
				CLANG_ANALYZER_NUMBER_OBJECT_CONVERSION = YES_AGGRESSIVE;
				CLANG_CXX_LANGUAGE_STANDARD = "gnu++17";
				CLANG_CXX_LIBRARY = "libc++";
				CLANG_ENABLE_MODULES = YES;
				CLANG_ENABLE_OBJC_ARC = YES;
				CLANG_ENABLE_OBJC_WEAK = YES;
				CLANG_WARN_BLOCK_CAPTURE_AUTORELEASING = YES;
				CLANG_WARN_BOOL_CONVERSION = YES;
				CLANG_WARN_COMMA = YES;
				CLANG_WARN_CONSTANT_CONVERSION = YES;
				CLANG_WARN_DEPRECATED_OBJC_IMPLEMENTATIONS = YES;
				CLANG_WARN_DIRECT_OBJC_ISA_USAGE = YES_ERROR;
				CLANG_WARN_DOCUMENTATION_COMMENTS = YES;
				CLANG_WARN_EMPTY_BODY = YES;
				CLANG_WARN_ENUM_CONVERSION = YES;
				CLANG_WARN_INFINITE_RECURSION = YES;
				CLANG_WARN_INT_CONVERSION = YES;
				CLANG_WARN_NON_LITERAL_NULL_CONVERSION = YES;
				CLANG_WARN_OBJC_IMPLICIT_RETAIN_SELF = YES;
				CLANG_WARN_OBJC_LITERAL_CONVERSION = YES;
				CLANG_WARN_OBJC_ROOT_CLASS = YES_ERROR;
				CLANG_WARN_QUOTED_INCLUDE_IN_FRAMEWORK_HEADER = YES;
				CLANG_WARN_RANGE_LOOP_ANALYSIS = YES;
				CLANG_WARN_STRICT_PROTOTYPES = YES;
				CLANG_WARN_SUSPICIOUS_MOVE = YES;
				CLANG_WARN_UNGUARDED_AVAILABILITY = YES_AGGRESSIVE;
				CLANG_WARN_UNREACHABLE_CODE = YES;
				CLANG_WARN__DUPLICATE_METHOD_MATCH = YES;
				COPY_PHASE_STRIP = NO;
				DEBUG_INFORMATION_FORMAT = "dwarf-with-dsym";
				ENABLE_NS_ASSERTIONS = NO;
				ENABLE_STRICT_OBJC_MSGSEND = YES;
				GCC_C_LANGUAGE_STANDARD = gnu11;
				GCC_NO_COMMON_BLOCKS = YES;
				GCC_WARN_64_TO_32_BIT_CONVERSION = YES;
				GCC_WARN_ABOUT_RETURN_TYPE = YES_ERROR;
				GCC_WARN_UNDECLARED_SELECTOR = YES;
				GCC_WARN_UNINITIALIZED_AUTOS = YES_AGGRESSIVE;
				GCC_WARN_UNUSED_FUNCTION = YES;
				GCC_WARN_UNUSED_VARIABLE = YES;
				IPHONEOS_DEPLOYMENT_TARGET = 15.0;
				MTL_ENABLE_DEBUG_INFO = NO;
				MTL_FAST_MATH = YES;
				SDKROOT = iphoneos;
				SWIFT_COMPILATION_MODE = wholemodule;
				SWIFT_OPTIMIZATION_LEVEL = "-O";
				VALIDATE_PRODUCT = YES;
			};
			name = Release;
		};
		A569A9FA276710C000435CF0 /* Debug */ = {
			isa = XCBuildConfiguration;
			buildSettings = {
				ASSETCATALOG_COMPILER_APPICON_NAME = AppIcon;
				ASSETCATALOG_COMPILER_GLOBAL_ACCENT_COLOR_NAME = AccentColor;
				CODE_SIGN_STYLE = Automatic;
				CURRENT_PROJECT_VERSION = 1;
				DEVELOPMENT_TEAM = MZ4WUT4W35;
				GENERATE_INFOPLIST_FILE = YES;
				INFOPLIST_FILE = TimeCalculator/Info.plist;
				INFOPLIST_KEY_UIApplicationSupportsIndirectInputEvents = YES;
				INFOPLIST_KEY_UILaunchStoryboardName = LaunchScreen;
				INFOPLIST_KEY_UIMainStoryboardFile = Main;
				INFOPLIST_KEY_UISupportedInterfaceOrientations_iPad = "UIInterfaceOrientationPortrait UIInterfaceOrientationPortraitUpsideDown UIInterfaceOrientationLandscapeLeft UIInterfaceOrientationLandscapeRight";
				INFOPLIST_KEY_UISupportedInterfaceOrientations_iPhone = "UIInterfaceOrientationPortrait UIInterfaceOrientationLandscapeLeft UIInterfaceOrientationLandscapeRight";
				LD_RUNPATH_SEARCH_PATHS = (
					"$(inherited)",
					"@executable_path/Frameworks",
				);
				MARKETING_VERSION = 1.0;
				PRODUCT_BUNDLE_IDENTIFIER = com.alswl.TimeCalculator;
				PRODUCT_NAME = "$(TARGET_NAME)";
				SWIFT_EMIT_LOC_STRINGS = YES;
				SWIFT_VERSION = 5.0;
				TARGETED_DEVICE_FAMILY = "1,2";
			};
			name = Debug;
		};
		A569A9FB276710C000435CF0 /* Release */ = {
			isa = XCBuildConfiguration;
			buildSettings = {
				ASSETCATALOG_COMPILER_APPICON_NAME = AppIcon;
				ASSETCATALOG_COMPILER_GLOBAL_ACCENT_COLOR_NAME = AccentColor;
				CODE_SIGN_STYLE = Automatic;
				CURRENT_PROJECT_VERSION = 1;
				DEVELOPMENT_TEAM = MZ4WUT4W35;
				GENERATE_INFOPLIST_FILE = YES;
				INFOPLIST_FILE = TimeCalculator/Info.plist;
				INFOPLIST_KEY_UIApplicationSupportsIndirectInputEvents = YES;
				INFOPLIST_KEY_UILaunchStoryboardName = LaunchScreen;
				INFOPLIST_KEY_UIMainStoryboardFile = Main;
				INFOPLIST_KEY_UISupportedInterfaceOrientations_iPad = "UIInterfaceOrientationPortrait UIInterfaceOrientationPortraitUpsideDown UIInterfaceOrientationLandscapeLeft UIInterfaceOrientationLandscapeRight";
				INFOPLIST_KEY_UISupportedInterfaceOrientations_iPhone = "UIInterfaceOrientationPortrait UIInterfaceOrientationLandscapeLeft UIInterfaceOrientationLandscapeRight";
				LD_RUNPATH_SEARCH_PATHS = (
					"$(inherited)",
					"@executable_path/Frameworks",
				);
				MARKETING_VERSION = 1.0;
				PRODUCT_BUNDLE_IDENTIFIER = com.alswl.TimeCalculator;
				PRODUCT_NAME = "$(TARGET_NAME)";
				SWIFT_EMIT_LOC_STRINGS = YES;
				SWIFT_VERSION = 5.0;
				TARGETED_DEVICE_FAMILY = "1,2";
			};
			name = Release;
		};
/* End XCBuildConfiguration section */

/* Begin XCConfigurationList section */
		A569A9E0276710BF00435CF0 /* Build configuration list for PBXProject "TimeCalculator" */ = {
			isa = XCConfigurationList;
			buildConfigurations = (
				A569A9F7276710C000435CF0 /* Debug */,
				A569A9F8276710C000435CF0 /* Release */,
			);
			defaultConfigurationIsVisible = 0;
			defaultConfigurationName = Release;
		};
		A569A9F9276710C000435CF0 /* Build configuration list for PBXNativeTarget "TimeCalculator" */ = {
			isa = XCConfigurationList;
			buildConfigurations = (
				A569A9FA276710C000435CF0 /* Debug */,
				A569A9FB276710C000435CF0 /* Release */,
			);
			defaultConfigurationIsVisible = 0;
			defaultConfigurationName = Release;
		};
/* End XCConfigurationList section */
	};
	rootObject = A569A9DD276710BF00435CF0 /* Project object */;
}
